PODS:
  - BSImagePicker (3.3.3)
  - DKImagePickerController/Core (4.3.9):
    - DKImagePickerController/ImageDataManager
    - DKImagePickerController/Resource
  - DKImagePickerController/ImageDataManager (4.3.9)
  - DKImagePickerController/PhotoGallery (4.3.9):
    - DKImagePickerController/Core
    - DKPhotoGallery
  - DKImagePickerController/Resource (4.3.9)
  - DKPhotoGallery (0.0.19):
    - DKPhotoGallery/Core (= 0.0.19)
    - DKPhotoGallery/Model (= 0.0.19)
    - DKPhotoGallery/Preview (= 0.0.19)
    - DKPhotoGallery/Resource (= 0.0.19)
    - SDWebImage
    - SwiftyGif
  - DKPhotoGallery/Core (0.0.19):
    - DKPhotoGallery/Model
    - DKPhotoGallery/Preview
    - SDWebImage
    - SwiftyGif
  - DKPhotoGallery/Model (0.0.19):
    - SDWebImage
    - SwiftyGif
  - DKPhotoGallery/Preview (0.0.19):
    - DKPhotoGallery/Model
    - DKPhotoGallery/Resource
    - SDWebImage
    - SwiftyGif
  - DKPhotoGallery/Resource (0.0.19):
    - SDWebImage
    - SwiftyGif
  - file_picker (0.0.1):
    - DKImagePickerController/PhotoGallery
    - Flutter
  - Firebase/CoreOnly (11.8.0):
    - FirebaseCore (~> 11.8.0)
  - Firebase/Messaging (11.8.0):
    - Firebase/CoreOnly
    - FirebaseMessaging (~> 11.8.0)
  - firebase_core (3.12.1):
    - Firebase/CoreOnly (= 11.8.0)
    - Flutter
  - firebase_messaging (15.2.4):
    - Firebase/Messaging (= 11.8.0)
    - firebase_core
    - Flutter
  - FirebaseCore (11.8.1):
    - FirebaseCoreInternal (~> 11.8.0)
    - GoogleUtilities/Environment (~> 8.0)
    - GoogleUtilities/Logger (~> 8.0)
  - FirebaseCoreInternal (11.8.0):
    - "GoogleUtilities/NSData+zlib (~> 8.0)"
  - FirebaseInstallations (11.8.0):
    - FirebaseCore (~> 11.8.0)
    - GoogleUtilities/Environment (~> 8.0)
    - GoogleUtilities/UserDefaults (~> 8.0)
    - PromisesObjC (~> 2.4)
  - FirebaseMessaging (11.8.0):
    - FirebaseCore (~> 11.8.0)
    - FirebaseInstallations (~> 11.0)
    - GoogleDataTransport (~> 10.0)
    - GoogleUtilities/AppDelegateSwizzler (~> 8.0)
    - GoogleUtilities/Environment (~> 8.0)
    - GoogleUtilities/Reachability (~> 8.0)
    - GoogleUtilities/UserDefaults (~> 8.0)
    - nanopb (~> 3.30910.0)
  - Flutter (1.0.0)
  - flutter_contacts (0.0.1):
    - Flutter
  - flutter_image_compress_common (1.0.0):
    - Flutter
    - Mantle
    - SDWebImage
    - SDWebImageWebPCoder
  - flutter_local_notifications (0.0.1):
    - Flutter
  - gallery_saver_plus (0.0.1):
    - Flutter
  - geocoding_ios (1.0.5):
    - Flutter
  - geolocator_apple (1.2.0):
    - Flutter
  - Google-Maps-iOS-Utils (5.0.0):
    - GoogleMaps (~> 8.0)
  - google_maps_flutter_ios (0.0.1):
    - Flutter
    - Google-Maps-iOS-Utils (< 7.0, >= 5.0)
    - GoogleMaps (< 10.0, >= 8.4)
  - GoogleDataTransport (10.1.0):
    - nanopb (~> 3.30910.0)
    - PromisesObjC (~> 2.4)
  - GoogleMaps (8.4.0):
    - GoogleMaps/Maps (= 8.4.0)
  - GoogleMaps/Base (8.4.0)
  - GoogleMaps/Maps (8.4.0):
    - GoogleMaps/Base
  - GoogleUtilities/AppDelegateSwizzler (8.0.2):
    - GoogleUtilities/Environment
    - GoogleUtilities/Logger
    - GoogleUtilities/Network
    - GoogleUtilities/Privacy
  - GoogleUtilities/Environment (8.0.2):
    - GoogleUtilities/Privacy
  - GoogleUtilities/Logger (8.0.2):
    - GoogleUtilities/Environment
    - GoogleUtilities/Privacy
  - GoogleUtilities/Network (8.0.2):
    - GoogleUtilities/Logger
    - "GoogleUtilities/NSData+zlib"
    - GoogleUtilities/Privacy
    - GoogleUtilities/Reachability
  - "GoogleUtilities/NSData+zlib (8.0.2)":
    - GoogleUtilities/Privacy
  - GoogleUtilities/Privacy (8.0.2)
  - GoogleUtilities/Reachability (8.0.2):
    - GoogleUtilities/Logger
    - GoogleUtilities/Privacy
  - GoogleUtilities/UserDefaults (8.0.2):
    - GoogleUtilities/Logger
    - GoogleUtilities/Privacy
  - image_picker_ios (0.0.1):
    - Flutter
  - lat_hdr_transcoder_v2 (0.0.1):
    - Flutter
  - libwebp (1.5.0):
    - libwebp/demux (= 1.5.0)
    - libwebp/mux (= 1.5.0)
    - libwebp/sharpyuv (= 1.5.0)
    - libwebp/webp (= 1.5.0)
  - libwebp/demux (1.5.0):
    - libwebp/webp
  - libwebp/mux (1.5.0):
    - libwebp/demux
  - libwebp/sharpyuv (1.5.0)
  - libwebp/webp (1.5.0):
    - libwebp/sharpyuv
  - Mantle (2.2.0):
    - Mantle/extobjc (= 2.2.0)
  - Mantle/extobjc (2.2.0)
  - multi_image_picker_plus (0.0.1):
    - BSImagePicker (~> 3.1)
    - Flutter
  - nanopb (3.30910.0):
    - nanopb/decode (= 3.30910.0)
    - nanopb/encode (= 3.30910.0)
  - nanopb/decode (3.30910.0)
  - nanopb/encode (3.30910.0)
  - open_file_plus (1.0.0):
    - Flutter
  - package_info_plus (0.4.5):
    - Flutter
  - path_provider_foundation (0.0.1):
    - Flutter
    - FlutterMacOS
  - permission_handler_apple (9.3.0):
    - Flutter
  - PromisesObjC (2.4.0)
  - rive_common (0.0.1):
    - Flutter
  - SDWebImage (5.21.0):
    - SDWebImage/Core (= 5.21.0)
  - SDWebImage/Core (5.21.0)
  - SDWebImageWebPCoder (0.14.6):
    - libwebp (~> 1.0)
    - SDWebImage/Core (~> 5.17)
  - smart_auth (0.0.1):
    - Flutter
  - sqflite_darwin (0.0.4):
    - Flutter
    - FlutterMacOS
  - SwiftyGif (5.4.5)
  - url_launcher_ios (0.0.1):
    - Flutter
  - video_compress_v2 (0.0.1):
    - Flutter
  - video_player_avfoundation (0.0.1):
    - Flutter
    - FlutterMacOS
  - wakelock_plus (0.0.1):
    - Flutter
  - webview_flutter_wkwebview (0.0.1):
    - Flutter
    - FlutterMacOS

DEPENDENCIES:
  - file_picker (from `.symlinks/plugins/file_picker/ios`)
  - firebase_core (from `.symlinks/plugins/firebase_core/ios`)
  - firebase_messaging (from `.symlinks/plugins/firebase_messaging/ios`)
  - Flutter (from `Flutter`)
  - flutter_contacts (from `.symlinks/plugins/flutter_contacts/ios`)
  - flutter_image_compress_common (from `.symlinks/plugins/flutter_image_compress_common/ios`)
  - flutter_local_notifications (from `.symlinks/plugins/flutter_local_notifications/ios`)
  - gallery_saver_plus (from `.symlinks/plugins/gallery_saver_plus/ios`)
  - geocoding_ios (from `.symlinks/plugins/geocoding_ios/ios`)
  - geolocator_apple (from `.symlinks/plugins/geolocator_apple/ios`)
  - google_maps_flutter_ios (from `.symlinks/plugins/google_maps_flutter_ios/ios`)
  - image_picker_ios (from `.symlinks/plugins/image_picker_ios/ios`)
  - lat_hdr_transcoder_v2 (from `.symlinks/plugins/lat_hdr_transcoder_v2/ios`)
  - multi_image_picker_plus (from `.symlinks/plugins/multi_image_picker_plus/ios`)
  - open_file_plus (from `.symlinks/plugins/open_file_plus/ios`)
  - package_info_plus (from `.symlinks/plugins/package_info_plus/ios`)
  - path_provider_foundation (from `.symlinks/plugins/path_provider_foundation/darwin`)
  - permission_handler_apple (from `.symlinks/plugins/permission_handler_apple/ios`)
  - rive_common (from `.symlinks/plugins/rive_common/ios`)
  - smart_auth (from `.symlinks/plugins/smart_auth/ios`)
  - sqflite_darwin (from `.symlinks/plugins/sqflite_darwin/darwin`)
  - url_launcher_ios (from `.symlinks/plugins/url_launcher_ios/ios`)
  - video_compress_v2 (from `.symlinks/plugins/video_compress_v2/ios`)
  - video_player_avfoundation (from `.symlinks/plugins/video_player_avfoundation/darwin`)
  - wakelock_plus (from `.symlinks/plugins/wakelock_plus/ios`)
  - webview_flutter_wkwebview (from `.symlinks/plugins/webview_flutter_wkwebview/darwin`)

SPEC REPOS:
  trunk:
    - BSImagePicker
    - DKImagePickerController
    - DKPhotoGallery
    - Firebase
    - FirebaseCore
    - FirebaseCoreInternal
    - FirebaseInstallations
    - FirebaseMessaging
    - Google-Maps-iOS-Utils
    - GoogleDataTransport
    - GoogleMaps
    - GoogleUtilities
    - libwebp
    - Mantle
    - nanopb
    - PromisesObjC
    - SDWebImage
    - SDWebImageWebPCoder
    - SwiftyGif

EXTERNAL SOURCES:
  file_picker:
    :path: ".symlinks/plugins/file_picker/ios"
  firebase_core:
    :path: ".symlinks/plugins/firebase_core/ios"
  firebase_messaging:
    :path: ".symlinks/plugins/firebase_messaging/ios"
  Flutter:
    :path: Flutter
  flutter_contacts:
    :path: ".symlinks/plugins/flutter_contacts/ios"
  flutter_image_compress_common:
    :path: ".symlinks/plugins/flutter_image_compress_common/ios"
  flutter_local_notifications:
    :path: ".symlinks/plugins/flutter_local_notifications/ios"
  gallery_saver_plus:
    :path: ".symlinks/plugins/gallery_saver_plus/ios"
  geocoding_ios:
    :path: ".symlinks/plugins/geocoding_ios/ios"
  geolocator_apple:
    :path: ".symlinks/plugins/geolocator_apple/ios"
  google_maps_flutter_ios:
    :path: ".symlinks/plugins/google_maps_flutter_ios/ios"
  image_picker_ios:
    :path: ".symlinks/plugins/image_picker_ios/ios"
  lat_hdr_transcoder_v2:
    :path: ".symlinks/plugins/lat_hdr_transcoder_v2/ios"
  multi_image_picker_plus:
    :path: ".symlinks/plugins/multi_image_picker_plus/ios"
  open_file_plus:
    :path: ".symlinks/plugins/open_file_plus/ios"
  package_info_plus:
    :path: ".symlinks/plugins/package_info_plus/ios"
  path_provider_foundation:
    :path: ".symlinks/plugins/path_provider_foundation/darwin"
  permission_handler_apple:
    :path: ".symlinks/plugins/permission_handler_apple/ios"
  rive_common:
    :path: ".symlinks/plugins/rive_common/ios"
  smart_auth:
    :path: ".symlinks/plugins/smart_auth/ios"
  sqflite_darwin:
    :path: ".symlinks/plugins/sqflite_darwin/darwin"
  url_launcher_ios:
    :path: ".symlinks/plugins/url_launcher_ios/ios"
  video_compress_v2:
    :path: ".symlinks/plugins/video_compress_v2/ios"
  video_player_avfoundation:
    :path: ".symlinks/plugins/video_player_avfoundation/darwin"
  wakelock_plus:
    :path: ".symlinks/plugins/wakelock_plus/ios"
  webview_flutter_wkwebview:
    :path: ".symlinks/plugins/webview_flutter_wkwebview/darwin"

SPEC CHECKSUMS:
  BSImagePicker: 57900b323f951711608acaf97d52e9183530cb6d
  DKImagePickerController: 946cec48c7873164274ecc4624d19e3da4c1ef3c
  DKPhotoGallery: b3834fecb755ee09a593d7c9e389d8b5d6deed60
  file_picker: 09aa5ec1ab24135ccd7a1621c46c84134bfd6655
  Firebase: d80354ed7f6df5f9aca55e9eb47cc4b634735eaf
  firebase_core: ac395f994af4e28f6a38b59e05a88ca57abeb874
  firebase_messaging: 7e223f4ee7ca053bf4ce43748e84a6d774ec9728
  FirebaseCore: 99fe0c4b44a39f37d99e6404e02009d2db5d718d
  FirebaseCoreInternal: df24ce5af28864660ecbd13596fc8dd3a8c34629
  FirebaseInstallations: 6c963bd2a86aca0481eef4f48f5a4df783ae5917
  FirebaseMessaging: 487b634ccdf6f7b7ff180fdcb2a9935490f764e8
  Flutter: e0871f40cf51350855a761d2e70bf5af5b9b5de7
  flutter_contacts: edb1c5ce76aa433e20e6cb14c615f4c0b66e0983
  flutter_image_compress_common: ec1d45c362c9d30a3f6a0426c297f47c52007e3e
  flutter_local_notifications: df98d66e515e1ca797af436137b4459b160ad8c9
  gallery_saver_plus: c4b59c605df1049a02d036ef81d82972b6dfd606
  geocoding_ios: d7460f56e80e118d57678efe5c2cdc888739ff18
  geolocator_apple: 9bcea1918ff7f0062d98345d238ae12718acfbc1
  Google-Maps-iOS-Utils: 66d6de12be1ce6d3742a54661e7a79cb317a9321
  google_maps_flutter_ios: e31555a04d1986ab130f2b9f24b6cdc861acc6d3
  GoogleDataTransport: aae35b7ea0c09004c3797d53c8c41f66f219d6a7
  GoogleMaps: 8939898920281c649150e0af74aa291c60f2e77d
  GoogleUtilities: 26a3abef001b6533cf678d3eb38fd3f614b7872d
  image_picker_ios: c560581cceedb403a6ff17f2f816d7fea1421fc1
  lat_hdr_transcoder_v2: f873d265adb6a2a4bfa9c3be8cd521901b0474f0
  libwebp: 02b23773aedb6ff1fd38cec7a77b81414c6842a8
  Mantle: c5aa8794a29a022dfbbfc9799af95f477a69b62d
  multi_image_picker_plus: b95d83279b5019ce4637ef17ca3aa14a557ffea6
  nanopb: fad817b59e0457d11a5dfbde799381cd727c1275
  open_file_plus: 05737718530c14cf02868e3b7754d7fe4df76d8b
  package_info_plus: c0502532a26c7662a62a356cebe2692ec5fe4ec4
  path_provider_foundation: 2b6b4c569c0fb62ec74538f866245ac84301af46
  permission_handler_apple: 9878588469a2b0d0fc1e048d9f43605f92e6cec2
  PromisesObjC: f5707f49cb48b9636751c5b2e7d227e43fba9f47
  rive_common: 4743dbfd2911c99066547a3c6454681e0fa907df
  SDWebImage: f84b0feeb08d2d11e6a9b843cb06d75ebf5b8868
  SDWebImageWebPCoder: e38c0a70396191361d60c092933e22c20d5b1380
  smart_auth: 4bedbc118723912d0e45a07e8ab34039c19e04f2
  sqflite_darwin: 5a7236e3b501866c1c9befc6771dfd73ffb8702d
  SwiftyGif: 706c60cf65fa2bc5ee0313beece843c8eb8194d4
  url_launcher_ios: 5334b05cef931de560670eeae103fd3e431ac3fe
  video_compress_v2: 716a5e84c7ddbf912e4471ccf642c6808736bbcc
  video_player_avfoundation: 7c6c11d8470e1675df7397027218274b6d2360b3
  wakelock_plus: 373cfe59b235a6dd5837d0fb88791d2f13a90d56
  webview_flutter_wkwebview: a4af96a051138e28e29f60101d094683b9f82188

PODFILE CHECKSUM: e30f02f9d1c72c47bb6344a0a748c9d268180865

COCOAPODS: 1.16.2
